Microsoft Visual Studio Solution File, Format Version 12.00
# Visual Studio 2012
Project("{8E6AA514-8531-595A-05B4-0FA0308BB5AE}") = "Dumbo", "Assembly-CSharp.csproj", "{311049BA-1F3F-D41D-FC92-4F421D21F006}"
EndProject
Project("{8E6AA514-8531-595A-05B4-0FA0308BB5AE}") = "Dumbo", "Assembly-CSharp-Editor-firstpass.csproj", "{1494DFF7-5F7D-7B47-9942-1051CE1BCE65}"
EndProject
Global
	GlobalSection(SolutionConfigurationPlatforms) = preSolution
		Debug|Any CPU = Debug|Any CPU
		Release|Any CPU = Release|Any CPU
	EndGlobalSection
	GlobalSection(ProjectConfigurationPlatforms) = postSolution
		{311049BA-1F3F-D41D-FC92-4F421D21F006}.Debug|Any CPU.ActiveCfg = Debug|Any CPU
		{311049BA-1F3F-D41D-FC92-4F421D21F006}.Debug|Any CPU.Build.0 = Debug|Any CPU
		{311049BA-1F3F-D41D-FC92-4F421D21F006}.Release|Any CPU.ActiveCfg = Release|Any CPU
		{311049BA-1F3F-D41D-FC92-4F421D21F006}.Release|Any CPU.Build.0 = Release|Any CPU
		{1494DFF7-5F7D-7B47-9942-1051CE1BCE65}.Debug|Any CPU.ActiveCfg = Debug|Any CPU
		{1494DFF7-5F7D-7B47-9942-1051CE1BCE65}.Debug|Any CPU.Build.0 = Debug|Any CPU
		{1494DFF7-5F7D-7B47-9942-1051CE1BCE65}.Release|Any CPU.ActiveCfg = Release|Any CPU
		{1494DFF7-5F7D-7B47-9942-1051CE1BCE65}.Release|Any CPU.Build.0 = Release|Any CPU
	EndGlobalSection
	GlobalSection(MonoDevelopProperties) = preSolution
		StartupItem = Assembly-CSharp.csproj
	EndGlobalSection
EndGlobal
